
Microsoft Visual Studio Solution File, Format Version 12.00
# Visual Studio Version 17
VisualStudioVersion = 17.4.33205.214
MinimumVisualStudioVersion = 10.0.40219.1
Project("{FAE04EC0-301F-11D3-BF4B-00C04F79EFBC}") = "CSV", "CSV\CSV.csproj", "{9E4A9530-096E-4D57-B5FA-3257CCF6E067}"
EndProject
Global
	GlobalSection(SolutionConfigurationPlatforms) = preSolution
		Debug|Any CPU = Debug|Any CPU
		Release|Any CPU = Release|Any CPU
	EndGlobalSection
	GlobalSection(ProjectConfigurationPlatforms) = postSolution
		{9E4A9530-096E-4D57-B5FA-3257CCF6E067}.Debug|Any CPU.ActiveCfg = Debug|Any CPU
		{9E4A9530-096E-4D57-B5FA-3257CCF6E067}.Debug|Any CPU.Build.0 = Debug|Any CPU
		{9E4A9530-096E-4D57-B5FA-3257CCF6E067}.Release|Any CPU.ActiveCfg = Release|Any CPU
		{9E4A9530-096E-4D57-B5FA-3257CCF6E067}.Release|Any CPU.Build.0 = Release|Any CPU
	EndGlobalSection
	GlobalSection(SolutionProperties) = preSolution
		HideSolutionNode = FALSE
	EndGlobalSection
	GlobalSection(ExtensibilityGlobals) = postSolution
		SolutionGuid = {7E634194-AF8D-45F6-90D6-CFFD663A664D}
	EndGlobalSection
EndGlobal
